
Microsoft Visual Studio Solution File, Format Version 12.00
# Visual Studio Version 17
VisualStudioVersion = 17.4.33110.190
MinimumVisualStudioVersion = 10.0.40219.1
Project("{FAE04EC0-301F-11D3-BF4B-00C04F79EFBC}") = "Deneme22_Waffle_Kemal", "Deneme22_Waffle_Kemal\Deneme22_Waffle_Kemal.csproj", "{5F14CEBD-3016-4147-A712-B4D7A2DCA8E1}"
EndProject
Global
	GlobalSection(SolutionConfigurationPlatforms) = preSolution
		Debug|Any CPU = Debug|Any CPU
		Release|Any CPU = Release|Any CPU
	EndGlobalSection
	GlobalSection(ProjectConfigurationPlatforms) = postSolution
		{5F14CEBD-3016-4147-A712-B4D7A2DCA8E1}.Debug|Any CPU.ActiveCfg = Debug|Any CPU
		{5F14CEBD-3016-4147-A712-B4D7A2DCA8E1}.Debug|Any CPU.Build.0 = Debug|Any CPU
		{5F14CEBD-3016-4147-A712-B4D7A2DCA8E1}.Release|Any CPU.ActiveCfg = Release|Any CPU
		{5F14CEBD-3016-4147-A712-B4D7A2DCA8E1}.Release|Any CPU.Build.0 = Release|Any CPU
	EndGlobalSection
	GlobalSection(SolutionProperties) = preSolution
		HideSolutionNode = FALSE
	EndGlobalSection
	GlobalSection(ExtensibilityGlobals) = postSolution
		SolutionGuid = {269AC6EE-7BDB-4BD5-BE1B-67558CB94C1C}
	EndGlobalSection
EndGlobal
